
Microsoft Visual Studio Solution File, Format Version 12.00
# Visual Studio 15
VisualStudioVersion = 15.0.28307.102
MinimumVisualStudioVersion = 10.0.40219.1
Project("{FAE04EC0-301F-11D3-BF4B-00C04F79EFBC}") = "Programa1", "Programa1\Programa1.csproj", "{C94D96A2-745B-4262-A5B9-E46368CF08FD}"
EndProject
Global
	GlobalSection(SolutionConfigurationPlatforms) = preSolution
		Debug|Any CPU = Debug|Any CPU
		Release|Any CPU = Release|Any CPU
	EndGlobalSection
	GlobalSection(ProjectConfigurationPlatforms) = postSolution
		{C94D96A2-745B-4262-A5B9-E46368CF08FD}.Debug|Any CPU.ActiveCfg = Debug|Any CPU
		{C94D96A2-745B-4262-A5B9-E46368CF08FD}.Debug|Any CPU.Build.0 = Debug|Any CPU
		{C94D96A2-745B-4262-A5B9-E46368CF08FD}.Release|Any CPU.ActiveCfg = Release|Any CPU
		{C94D96A2-745B-4262-A5B9-E46368CF08FD}.Release|Any CPU.Build.0 = Release|Any CPU
	EndGlobalSection
	GlobalSection(SolutionProperties) = preSolution
		HideSolutionNode = FALSE
	EndGlobalSection
	GlobalSection(ExtensibilityGlobals) = postSolution
		SolutionGuid = {D0A8F3BC-EBEC-4632-8414-4FF680C1B53C}
	EndGlobalSection
EndGlobal
